<?xml version="1.0" encoding="utf-8"?>
<Project ToolsVersion="4.0" xmlns="http://schemas.microsoft.com/developer/msbuild/2003">
  <ItemGroup>
    <ClCompile Include="main.c" />
    <ClCompile Include="stdafx.c" />
    <ClCompile Include="Base\Base.c">
      <Filter>01_Base</Filter>
    </ClCompile>
    <ClCompile Include="DataType\DataType.c">
      <Filter>02_DataType</Filter>
    </ClCompile>
    <ClCompile Include="Operator\Operator.c">
      <Filter>03_Operator</Filter>
    </ClCompile>
    <ClCompile Include="Conditional\Conditional.c">
      <Filter>04_Conditional</Filter>
    </ClCompile>
    <ClCompile Include="Loop\Loop.c" />
  </ItemGroup>
  <ItemGroup>
    <ClInclude Include="stdafx.h" />
    <ClInclude Include="Base\Base.h">
      <Filter>01_Base</Filter>
    </ClInclude>
    <ClInclude Include="DataType\DataType.h">
      <Filter>02_DataType</Filter>
    </ClInclude>
    <ClInclude Include="Operator\Operator.h">
      <Filter>03_Operator</Filter>
    </ClInclude>
    <ClInclude Include="Conditional\Conditional.h">
      <Filter>04_Conditional</Filter>
    </ClInclude>
    <ClInclude Include="Loop\Loop.h" />
  </ItemGroup>
  <ItemGroup>
    <Filter Include="01_Base">
      <UniqueIdentifier>{33ad5658-a19b-4239-a15b-a1b3dd4e7324}</UniqueIdentifier>
    </Filter>
    <Filter Include="02_DataType">
      <UniqueIdentifier>{afb07552-5a72-4ea2-b22a-1769c994f297}</UniqueIdentifier>
    </Filter>
    <Filter Include="03_Operator">
      <UniqueIdentifier>{0cb147ab-d875-4da0-847d-0870abba21db}</UniqueIdentifier>
    </Filter>
    <Filter Include="04_Conditional">
      <UniqueIdentifier>{14534656-0285-406d-ab7c-0bf0260361d1}</UniqueIdentifier>
    </Filter>
  </ItemGroup>
</Project>