<?xml version="1.0" encoding="utf-8"?>
<Project ToolsVersion="4.0" xmlns="http://schemas.microsoft.com/developer/msbuild/2003">
  <ItemGroup>
    <ClCompile Include="main.c" />
    <ClCompile Include="stdafx.c" />
    <ClCompile Include="Base\Base.c">
      <Filter>01_Base</Filter>
    </ClCompile>
    <ClCompile Include="DataType\DataType.c">
      <Filter>02_DataType</Filter>
    </ClCompile>
    <ClCompile Include="Operator\Operator.c">
      <Filter>03_Operator</Filter>
    </ClCompile>
    <ClCompile Include="Conditional\Conditional.c">
      <Filter>04_Conditional</Filter>
    </ClCompile>
    <ClCompile Include="Loop\Loop.c">
      <Filter>05_Loop</Filter>
    </ClCompile>
    <ClCompile Include="Arrays\Arrays.c">
      <Filter>06_Arrays</Filter>
    </ClCompile>
    <ClCompile Include="Functions\Functions.c">
      <Filter>07_Functions</Filter>
    </ClCompile>
    <ClCompile Include="﻿User-DefinedTypes\﻿User-DefinedTypes.c">
      <Filter>08_﻿User-DefinedTypes</Filter>
    </ClCompile>
    <ClCompile Include="Pointer\Pointer.c">
      <Filter>09_Pointer</Filter>
    </ClCompile>
  </ItemGroup>
  <ItemGroup>
    <ClInclude Include="stdafx.h" />
    <ClInclude Include="Base\Base.h">
      <Filter>01_Base</Filter>
    </ClInclude>
    <ClInclude Include="DataType\DataType.h">
      <Filter>02_DataType</Filter>
    </ClInclude>
    <ClInclude Include="Operator\Operator.h">
      <Filter>03_Operator</Filter>
    </ClInclude>
    <ClInclude Include="Conditional\Conditional.h">
      <Filter>04_Conditional</Filter>
    </ClInclude>
    <ClInclude Include="Loop\Loop.h">
      <Filter>05_Loop</Filter>
    </ClInclude>
    <ClInclude Include="Arrays\Arrays.h">
      <Filter>06_Arrays</Filter>
    </ClInclude>
    <ClInclude Include="Functions\Functions.h">
      <Filter>07_Functions</Filter>
    </ClInclude>
    <ClInclude Include="﻿User-DefinedTypes\﻿User-DefinedTypes.h">
      <Filter>08_﻿User-DefinedTypes</Filter>
    </ClInclude>
    <ClInclude Include="Pointer\Pointer.h">
      <Filter>09_Pointer</Filter>
    </ClInclude>
  </ItemGroup>
  <ItemGroup>
    <Filter Include="01_Base">
      <UniqueIdentifier>{33ad5658-a19b-4239-a15b-a1b3dd4e7324}</UniqueIdentifier>
    </Filter>
    <Filter Include="02_DataType">
      <UniqueIdentifier>{afb07552-5a72-4ea2-b22a-1769c994f297}</UniqueIdentifier>
    </Filter>
    <Filter Include="03_Operator">
      <UniqueIdentifier>{0cb147ab-d875-4da0-847d-0870abba21db}</UniqueIdentifier>
    </Filter>
    <Filter Include="04_Conditional">
      <UniqueIdentifier>{14534656-0285-406d-ab7c-0bf0260361d1}</UniqueIdentifier>
    </Filter>
    <Filter Include="05_Loop">
      <UniqueIdentifier>{8753be81-1e84-4299-9801-75189275e212}</UniqueIdentifier>
    </Filter>
    <Filter Include="06_Arrays">
      <UniqueIdentifier>{a4d90b5c-02eb-44e7-85f5-a483a20b240e}</UniqueIdentifier>
    </Filter>
    <Filter Include="07_Functions">
      <UniqueIdentifier>{1d13cce0-40ba-418d-960e-e9d2f1d5995c}</UniqueIdentifier>
    </Filter>
    <Filter Include="09_Pointer">
      <UniqueIdentifier>{8f2f1545-31d4-4058-a5af-f972ce67c4d7}</UniqueIdentifier>
    </Filter>
    <Filter Include="08_﻿User-DefinedTypes">
      <UniqueIdentifier>{220f9ef3-e2e4-4308-b8e9-d271b829f90b}</UniqueIdentifier>
    </Filter>
  </ItemGroup>
</Project>